PODS:
  - FBSnapshotTestCase (2.1.4):
    - FBSnapshotTestCase/SwiftSupport (= 2.1.4)
  - FBSnapshotTestCase/Core (2.1.4)
  - FBSnapshotTestCase/SwiftSupport (2.1.4):
    - FBSnapshotTestCase/Core
  - hellopod_mxc (0.1.0)
  - Nimble (7.0.3)
  - Nimble-Snapshots (6.3.0):
    - Nimble-Snapshots/Core (= 6.3.0)
  - Nimble-Snapshots/Core (6.3.0):
    - FBSnapshotTestCase (~> 2.0)
    - Nimble (~> 7.0)
  - Quick (1.2.0)

DEPENDENCIES:
  - FBSnapshotTestCase (~> 2.1.4)
  - hellopod_mxc (from `../`)
  - Nimble (~> 7.0.2)
  - Nimble-Snapshots (~> 6.3.0)
  - Quick (~> 1.2.0)

EXTERNAL SOURCES:
  hellopod_mxc:
    :path: ../

SPEC CHECKSUMS:
  FBSnapshotTestCase: 094f9f314decbabe373b87cc339bea235a63e07a
  hellopod_mxc: 0daece4b38986acd89c8f9d9d4157a47f8fc0a2c
  Nimble: 7f5a9c447a33002645a071bddafbfb24ea70e0ac
  Nimble-Snapshots: f5459b5b091678dc942d03ec4741cacb58ba4a52
  Quick: 58d203b1c5e27fff7229c4c1ae445ad7069a7a08

PODFILE CHECKSUM: 6b6e1e9575c7a9f0457a81e4be20544f648a8059

COCOAPODS: 1.3.1
